
Microsoft Visual Studio Solution File, Format Version 12.00
# Visual Studio Version 17
VisualStudioVersion = 17.4.33103.184
MinimumVisualStudioVersion = 10.0.40219.1
Project("{FAE04EC0-301F-11D3-BF4B-00C04F79EFBC}") = "4FinanceTMS", "4FinanceTMS\4FinanceTMS.csproj", "{8D2D9228-DC7B-4E75-879E-A42941944C39}"
EndProject
Global
	GlobalSection(SolutionConfigurationPlatforms) = preSolution
		Debug|Any CPU = Debug|Any CPU
		Release|Any CPU = Release|Any CPU
	EndGlobalSection
	GlobalSection(ProjectConfigurationPlatforms) = postSolution
		{8D2D9228-DC7B-4E75-879E-A42941944C39}.Debug|Any CPU.ActiveCfg = Debug|Any CPU
		{8D2D9228-DC7B-4E75-879E-A42941944C39}.Debug|Any CPU.Build.0 = Debug|Any CPU
		{8D2D9228-DC7B-4E75-879E-A42941944C39}.Release|Any CPU.ActiveCfg = Release|Any CPU
		{8D2D9228-DC7B-4E75-879E-A42941944C39}.Release|Any CPU.Build.0 = Release|Any CPU
	EndGlobalSection
	GlobalSection(SolutionProperties) = preSolution
		HideSolutionNode = FALSE
	EndGlobalSection
	GlobalSection(ExtensibilityGlobals) = postSolution
		SolutionGuid = {CECF5CFB-56D1-4F81-B60C-7E96D8A07AC4}
	EndGlobalSection
EndGlobal
