
Microsoft Visual Studio Solution File, Format Version 12.00
# Visual Studio Version 17
VisualStudioVersion = 17.4.33103.184
MinimumVisualStudioVersion = 10.0.40219.1
Project("{FAE04EC0-301F-11D3-BF4B-00C04F79EFBC}") = "SoapLush", "SoapLush\SoapLush.csproj", "{0678594B-4EEF-4838-B734-70DD2753692D}"
EndProject
Global
	GlobalSection(SolutionConfigurationPlatforms) = preSolution
		Debug|Any CPU = Debug|Any CPU
		Release|Any CPU = Release|Any CPU
	EndGlobalSection
	GlobalSection(ProjectConfigurationPlatforms) = postSolution
		{0678594B-4EEF-4838-B734-70DD2753692D}.Debug|Any CPU.ActiveCfg = Debug|Any CPU
		{0678594B-4EEF-4838-B734-70DD2753692D}.Debug|Any CPU.Build.0 = Debug|Any CPU
		{0678594B-4EEF-4838-B734-70DD2753692D}.Release|Any CPU.ActiveCfg = Release|Any CPU
		{0678594B-4EEF-4838-B734-70DD2753692D}.Release|Any CPU.Build.0 = Release|Any CPU
	EndGlobalSection
	GlobalSection(SolutionProperties) = preSolution
		HideSolutionNode = FALSE
	EndGlobalSection
	GlobalSection(ExtensibilityGlobals) = postSolution
		SolutionGuid = {D1A594A7-B39D-438C-9910-0FCD860657BD}
	EndGlobalSection
EndGlobal
